
Microsoft Visual Studio Solution File, Format Version 12.00
# Visual Studio 15
VisualStudioVersion = 15.0.27703.2000
MinimumVisualStudioVersion = 10.0.40219.1
Project("{9A19103F-16F7-4668-BE54-9A1E7A4F7556}") = "KeepKey.Net", "KeepKey.Net\KeepKey.Net.csproj", "{01A2D0E3-55A8-4ADB-B2AA-AA1C80785A42}"
EndProject
Project("{9A19103F-16F7-4668-BE54-9A1E7A4F7556}") = "KeepKey.Net.Sample", "KeepKey.Net.Sample\KeepKey.Net.Sample.csproj", "{56D31D02-EADD-4CC2-9300-213574E0B0DA}"
EndProject
Project("{FAE04EC0-301F-11D3-BF4B-00C04F79EFBC}") = "KeepKey.Net.UnitTest", "KeepKey.Net.UnitTest\KeepKey.Net.UnitTest.csproj", "{2397AD63-6E69-4FAB-BDD2-0B6C353C8B22}"
EndProject
Project("{2150E333-8FDC-42A3-9474-1A3956D46DE8}") = "Samples", "Samples", "{3F32850F-1030-4650-A1C1-AC19C0D1FB31}"
EndProject
Project("{2150E333-8FDC-42A3-9474-1A3956D46DE8}") = "UnitTests", "UnitTests", "{DFC182D3-52B5-404A-BEFB-1A2017ED8DEA}"
EndProject
Project("{9A19103F-16F7-4668-BE54-9A1E7A4F7556}") = "KeepKey.Net.XamarinFormsSample", "KeepKey.Net.XamarinFormsSample\KeepKey.Net.XamarinFormsSample\KeepKey.Net.XamarinFormsSample.csproj", "{FDB10B36-A693-4984-855A-0DB4E5C58C25}"
EndProject
Project("{FAE04EC0-301F-11D3-BF4B-00C04F79EFBC}") = "KeepKey.Net.XamarinFormsSample.UWP", "KeepKey.Net.XamarinFormsSample\KeepKey.Net.XamarinFormsSample.UWP\KeepKey.Net.XamarinFormsSample.UWP.csproj", "{E228A094-964E-4CB1-9A35-4B52C20FEEA2}"
EndProject
Project("{FAE04EC0-301F-11D3-BF4B-00C04F79EFBC}") = "KeepKey.Net.XamarinFormsSample.Android", "KeepKey.Net.XamarinFormsSample\XFAS\KeepKey.Net.XamarinFormsSample.Android.csproj", "{4FCAC043-E704-4AED-A371-077E50A67DA4}"
EndProject
Project("{9A19103F-16F7-4668-BE54-9A1E7A4F7556}") = "Trezor.Net", "..\..\Trezor.Net\src\Trezor.Net\Trezor.Net.csproj", "{6D90EC25-D41C-4247-BBD4-EE98BD0AAC37}"
EndProject
Global
	GlobalSection(SolutionConfigurationPlatforms) = preSolution
		Debug|Any CPU = Debug|Any CPU
		Debug|ARM = Debug|ARM
		Debug|x64 = Debug|x64
		Debug|x86 = Debug|x86
		Release|Any CPU = Release|Any CPU
		Release|ARM = Release|ARM
		Release|x64 = Release|x64
		Release|x86 = Release|x86
	EndGlobalSection
	GlobalSection(ProjectConfigurationPlatforms) = postSolution
		{01A2D0E3-55A8-4ADB-B2AA-AA1C80785A42}.Debug|Any CPU.ActiveCfg = Debug|Any CPU
		{01A2D0E3-55A8-4ADB-B2AA-AA1C80785A42}.Debug|Any CPU.Build.0 = Debug|Any CPU
		{01A2D0E3-55A8-4ADB-B2AA-AA1C80785A42}.Debug|ARM.ActiveCfg = Debug|Any CPU
		{01A2D0E3-55A8-4ADB-B2AA-AA1C80785A42}.Debug|ARM.Build.0 = Debug|Any CPU
		{01A2D0E3-55A8-4ADB-B2AA-AA1C80785A42}.Debug|x64.ActiveCfg = Debug|Any CPU
		{01A2D0E3-55A8-4ADB-B2AA-AA1C80785A42}.Debug|x64.Build.0 = Debug|Any CPU
		{01A2D0E3-55A8-4ADB-B2AA-AA1C80785A42}.Debug|x86.ActiveCfg = Debug|Any CPU
		{01A2D0E3-55A8-4ADB-B2AA-AA1C80785A42}.Debug|x86.Build.0 = Debug|Any CPU
		{01A2D0E3-55A8-4ADB-B2AA-AA1C80785A42}.Release|Any CPU.ActiveCfg = Release|Any CPU
		{01A2D0E3-55A8-4ADB-B2AA-AA1C80785A42}.Release|Any CPU.Build.0 = Release|Any CPU
		{01A2D0E3-55A8-4ADB-B2AA-AA1C80785A42}.Release|ARM.ActiveCfg = Release|Any CPU
		{01A2D0E3-55A8-4ADB-B2AA-AA1C80785A42}.Release|ARM.Build.0 = Release|Any CPU
		{01A2D0E3-55A8-4ADB-B2AA-AA1C80785A42}.Release|x64.ActiveCfg = Release|Any CPU
		{01A2D0E3-55A8-4ADB-B2AA-AA1C80785A42}.Release|x64.Build.0 = Release|Any CPU
		{01A2D0E3-55A8-4ADB-B2AA-AA1C80785A42}.Release|x86.ActiveCfg = Release|Any CPU
		{01A2D0E3-55A8-4ADB-B2AA-AA1C80785A42}.Release|x86.Build.0 = Release|Any CPU
		{56D31D02-EADD-4CC2-9300-213574E0B0DA}.Debug|Any CPU.ActiveCfg = Debug|Any CPU
		{56D31D02-EADD-4CC2-9300-213574E0B0DA}.Debug|Any CPU.Build.0 = Debug|Any CPU
		{56D31D02-EADD-4CC2-9300-213574E0B0DA}.Debug|ARM.ActiveCfg = Debug|Any CPU
		{56D31D02-EADD-4CC2-9300-213574E0B0DA}.Debug|ARM.Build.0 = Debug|Any CPU
		{56D31D02-EADD-4CC2-9300-213574E0B0DA}.Debug|x64.ActiveCfg = Debug|Any CPU
		{56D31D02-EADD-4CC2-9300-213574E0B0DA}.Debug|x64.Build.0 = Debug|Any CPU
		{56D31D02-EADD-4CC2-9300-213574E0B0DA}.Debug|x86.ActiveCfg = Debug|Any CPU
		{56D31D02-EADD-4CC2-9300-213574E0B0DA}.Debug|x86.Build.0 = Debug|Any CPU
		{56D31D02-EADD-4CC2-9300-213574E0B0DA}.Release|Any CPU.ActiveCfg = Release|Any CPU
		{56D31D02-EADD-4CC2-9300-213574E0B0DA}.Release|Any CPU.Build.0 = Release|Any CPU
		{56D31D02-EADD-4CC2-9300-213574E0B0DA}.Release|ARM.ActiveCfg = Release|Any CPU
		{56D31D02-EADD-4CC2-9300-213574E0B0DA}.Release|ARM.Build.0 = Release|Any CPU
		{56D31D02-EADD-4CC2-9300-213574E0B0DA}.Release|x64.ActiveCfg = Release|Any CPU
		{56D31D02-EADD-4CC2-9300-213574E0B0DA}.Release|x64.Build.0 = Release|Any CPU
		{56D31D02-EADD-4CC2-9300-213574E0B0DA}.Release|x86.ActiveCfg = Release|Any CPU
		{56D31D02-EADD-4CC2-9300-213574E0B0DA}.Release|x86.Build.0 = Release|Any CPU
		{2397AD63-6E69-4FAB-BDD2-0B6C353C8B22}.Debug|Any CPU.ActiveCfg = Debug|Any CPU
		{2397AD63-6E69-4FAB-BDD2-0B6C353C8B22}.Debug|Any CPU.Build.0 = Debug|Any CPU
		{2397AD63-6E69-4FAB-BDD2-0B6C353C8B22}.Debug|ARM.ActiveCfg = Debug|Any CPU
		{2397AD63-6E69-4FAB-BDD2-0B6C353C8B22}.Debug|ARM.Build.0 = Debug|Any CPU
		{2397AD63-6E69-4FAB-BDD2-0B6C353C8B22}.Debug|x64.ActiveCfg = Debug|Any CPU
		{2397AD63-6E69-4FAB-BDD2-0B6C353C8B22}.Debug|x64.Build.0 = Debug|Any CPU
		{2397AD63-6E69-4FAB-BDD2-0B6C353C8B22}.Debug|x86.ActiveCfg = Debug|Any CPU
		{2397AD63-6E69-4FAB-BDD2-0B6C353C8B22}.Debug|x86.Build.0 = Debug|Any CPU
		{2397AD63-6E69-4FAB-BDD2-0B6C353C8B22}.Release|Any CPU.ActiveCfg = Release|Any CPU
		{2397AD63-6E69-4FAB-BDD2-0B6C353C8B22}.Release|Any CPU.Build.0 = Release|Any CPU
		{2397AD63-6E69-4FAB-BDD2-0B6C353C8B22}.Release|ARM.ActiveCfg = Release|Any CPU
		{2397AD63-6E69-4FAB-BDD2-0B6C353C8B22}.Release|ARM.Build.0 = Release|Any CPU
		{2397AD63-6E69-4FAB-BDD2-0B6C353C8B22}.Release|x64.ActiveCfg = Release|Any CPU
		{2397AD63-6E69-4FAB-BDD2-0B6C353C8B22}.Release|x64.Build.0 = Release|Any CPU
		{2397AD63-6E69-4FAB-BDD2-0B6C353C8B22}.Release|x86.ActiveCfg = Release|Any CPU
		{2397AD63-6E69-4FAB-BDD2-0B6C353C8B22}.Release|x86.Build.0 = Release|Any CPU
		{FDB10B36-A693-4984-855A-0DB4E5C58C25}.Debug|Any CPU.ActiveCfg = Debug|Any CPU
		{FDB10B36-A693-4984-855A-0DB4E5C58C25}.Debug|Any CPU.Build.0 = Debug|Any CPU
		{FDB10B36-A693-4984-855A-0DB4E5C58C25}.Debug|ARM.ActiveCfg = Debug|Any CPU
		{FDB10B36-A693-4984-855A-0DB4E5C58C25}.Debug|ARM.Build.0 = Debug|Any CPU
		{FDB10B36-A693-4984-855A-0DB4E5C58C25}.Debug|x64.ActiveCfg = Debug|Any CPU
		{FDB10B36-A693-4984-855A-0DB4E5C58C25}.Debug|x64.Build.0 = Debug|Any CPU
		{FDB10B36-A693-4984-855A-0DB4E5C58C25}.Debug|x86.ActiveCfg = Debug|Any CPU
		{FDB10B36-A693-4984-855A-0DB4E5C58C25}.Debug|x86.Build.0 = Debug|Any CPU
		{FDB10B36-A693-4984-855A-0DB4E5C58C25}.Release|Any CPU.ActiveCfg = Release|Any CPU
		{FDB10B36-A693-4984-855A-0DB4E5C58C25}.Release|Any CPU.Build.0 = Release|Any CPU
		{FDB10B36-A693-4984-855A-0DB4E5C58C25}.Release|ARM.ActiveCfg = Release|Any CPU
		{FDB10B36-A693-4984-855A-0DB4E5C58C25}.Release|ARM.Build.0 = Release|Any CPU
		{FDB10B36-A693-4984-855A-0DB4E5C58C25}.Release|x64.ActiveCfg = Release|Any CPU
		{FDB10B36-A693-4984-855A-0DB4E5C58C25}.Release|x64.Build.0 = Release|Any CPU
		{FDB10B36-A693-4984-855A-0DB4E5C58C25}.Release|x86.ActiveCfg = Release|Any CPU
		{FDB10B36-A693-4984-855A-0DB4E5C58C25}.Release|x86.Build.0 = Release|Any CPU
		{E228A094-964E-4CB1-9A35-4B52C20FEEA2}.Debug|Any CPU.ActiveCfg = Debug|x86
		{E228A094-964E-4CB1-9A35-4B52C20FEEA2}.Debug|ARM.ActiveCfg = Debug|ARM
		{E228A094-964E-4CB1-9A35-4B52C20FEEA2}.Debug|ARM.Build.0 = Debug|ARM
		{E228A094-964E-4CB1-9A35-4B52C20FEEA2}.Debug|ARM.Deploy.0 = Debug|ARM
		{E228A094-964E-4CB1-9A35-4B52C20FEEA2}.Debug|x64.ActiveCfg = Debug|x64
		{E228A094-964E-4CB1-9A35-4B52C20FEEA2}.Debug|x64.Build.0 = Debug|x64
		{E228A094-964E-4CB1-9A35-4B52C20FEEA2}.Debug|x64.Deploy.0 = Debug|x64
		{E228A094-964E-4CB1-9A35-4B52C20FEEA2}.Debug|x86.ActiveCfg = Debug|x86
		{E228A094-964E-4CB1-9A35-4B52C20FEEA2}.Debug|x86.Build.0 = Debug|x86
		{E228A094-964E-4CB1-9A35-4B52C20FEEA2}.Debug|x86.Deploy.0 = Debug|x86
		{E228A094-964E-4CB1-9A35-4B52C20FEEA2}.Release|Any CPU.ActiveCfg = Release|x86
		{E228A094-964E-4CB1-9A35-4B52C20FEEA2}.Release|ARM.ActiveCfg = Release|ARM
		{E228A094-964E-4CB1-9A35-4B52C20FEEA2}.Release|ARM.Build.0 = Release|ARM
		{E228A094-964E-4CB1-9A35-4B52C20FEEA2}.Release|ARM.Deploy.0 = Release|ARM
		{E228A094-964E-4CB1-9A35-4B52C20FEEA2}.Release|x64.ActiveCfg = Release|x64
		{E228A094-964E-4CB1-9A35-4B52C20FEEA2}.Release|x64.Build.0 = Release|x64
		{E228A094-964E-4CB1-9A35-4B52C20FEEA2}.Release|x64.Deploy.0 = Release|x64
		{E228A094-964E-4CB1-9A35-4B52C20FEEA2}.Release|x86.ActiveCfg = Release|x86
		{E228A094-964E-4CB1-9A35-4B52C20FEEA2}.Release|x86.Build.0 = Release|x86
		{E228A094-964E-4CB1-9A35-4B52C20FEEA2}.Release|x86.Deploy.0 = Release|x86
		{4FCAC043-E704-4AED-A371-077E50A67DA4}.Debug|Any CPU.ActiveCfg = Debug|Any CPU
		{4FCAC043-E704-4AED-A371-077E50A67DA4}.Debug|Any CPU.Build.0 = Debug|Any CPU
		{4FCAC043-E704-4AED-A371-077E50A67DA4}.Debug|Any CPU.Deploy.0 = Debug|Any CPU
		{4FCAC043-E704-4AED-A371-077E50A67DA4}.Debug|ARM.ActiveCfg = Debug|Any CPU
		{4FCAC043-E704-4AED-A371-077E50A67DA4}.Debug|ARM.Build.0 = Debug|Any CPU
		{4FCAC043-E704-4AED-A371-077E50A67DA4}.Debug|ARM.Deploy.0 = Debug|Any CPU
		{4FCAC043-E704-4AED-A371-077E50A67DA4}.Debug|x64.ActiveCfg = Debug|Any CPU
		{4FCAC043-E704-4AED-A371-077E50A67DA4}.Debug|x64.Build.0 = Debug|Any CPU
		{4FCAC043-E704-4AED-A371-077E50A67DA4}.Debug|x64.Deploy.0 = Debug|Any CPU
		{4FCAC043-E704-4AED-A371-077E50A67DA4}.Debug|x86.ActiveCfg = Debug|Any CPU
		{4FCAC043-E704-4AED-A371-077E50A67DA4}.Debug|x86.Build.0 = Debug|Any CPU
		{4FCAC043-E704-4AED-A371-077E50A67DA4}.Debug|x86.Deploy.0 = Debug|Any CPU
		{4FCAC043-E704-4AED-A371-077E50A67DA4}.Release|Any CPU.ActiveCfg = Release|Any CPU
		{4FCAC043-E704-4AED-A371-077E50A67DA4}.Release|Any CPU.Build.0 = Release|Any CPU
		{4FCAC043-E704-4AED-A371-077E50A67DA4}.Release|Any CPU.Deploy.0 = Release|Any CPU
		{4FCAC043-E704-4AED-A371-077E50A67DA4}.Release|ARM.ActiveCfg = Release|Any CPU
		{4FCAC043-E704-4AED-A371-077E50A67DA4}.Release|ARM.Build.0 = Release|Any CPU
		{4FCAC043-E704-4AED-A371-077E50A67DA4}.Release|ARM.Deploy.0 = Release|Any CPU
		{4FCAC043-E704-4AED-A371-077E50A67DA4}.Release|x64.ActiveCfg = Release|Any CPU
		{4FCAC043-E704-4AED-A371-077E50A67DA4}.Release|x64.Build.0 = Release|Any CPU
		{4FCAC043-E704-4AED-A371-077E50A67DA4}.Release|x64.Deploy.0 = Release|Any CPU
		{4FCAC043-E704-4AED-A371-077E50A67DA4}.Release|x86.ActiveCfg = Release|Any CPU
		{4FCAC043-E704-4AED-A371-077E50A67DA4}.Release|x86.Build.0 = Release|Any CPU
		{4FCAC043-E704-4AED-A371-077E50A67DA4}.Release|x86.Deploy.0 = Release|Any CPU
		{6D90EC25-D41C-4247-BBD4-EE98BD0AAC37}.Debug|Any CPU.ActiveCfg = Debug|Any CPU
		{6D90EC25-D41C-4247-BBD4-EE98BD0AAC37}.Debug|Any CPU.Build.0 = Debug|Any CPU
		{6D90EC25-D41C-4247-BBD4-EE98BD0AAC37}.Debug|ARM.ActiveCfg = Debug|Any CPU
		{6D90EC25-D41C-4247-BBD4-EE98BD0AAC37}.Debug|ARM.Build.0 = Debug|Any CPU
		{6D90EC25-D41C-4247-BBD4-EE98BD0AAC37}.Debug|x64.ActiveCfg = Debug|Any CPU
		{6D90EC25-D41C-4247-BBD4-EE98BD0AAC37}.Debug|x64.Build.0 = Debug|Any CPU
		{6D90EC25-D41C-4247-BBD4-EE98BD0AAC37}.Debug|x86.ActiveCfg = Debug|Any CPU
		{6D90EC25-D41C-4247-BBD4-EE98BD0AAC37}.Debug|x86.Build.0 = Debug|Any CPU
		{6D90EC25-D41C-4247-BBD4-EE98BD0AAC37}.Release|Any CPU.ActiveCfg = Release|Any CPU
		{6D90EC25-D41C-4247-BBD4-EE98BD0AAC37}.Release|Any CPU.Build.0 = Release|Any CPU
		{6D90EC25-D41C-4247-BBD4-EE98BD0AAC37}.Release|ARM.ActiveCfg = Release|Any CPU
		{6D90EC25-D41C-4247-BBD4-EE98BD0AAC37}.Release|ARM.Build.0 = Release|Any CPU
		{6D90EC25-D41C-4247-BBD4-EE98BD0AAC37}.Release|x64.ActiveCfg = Release|Any CPU
		{6D90EC25-D41C-4247-BBD4-EE98BD0AAC37}.Release|x64.Build.0 = Release|Any CPU
		{6D90EC25-D41C-4247-BBD4-EE98BD0AAC37}.Release|x86.ActiveCfg = Release|Any CPU
		{6D90EC25-D41C-4247-BBD4-EE98BD0AAC37}.Release|x86.Build.0 = Release|Any CPU
	EndGlobalSection
	GlobalSection(SolutionProperties) = preSolution
		HideSolutionNode = FALSE
	EndGlobalSection
	GlobalSection(NestedProjects) = preSolution
		{56D31D02-EADD-4CC2-9300-213574E0B0DA} = {3F32850F-1030-4650-A1C1-AC19C0D1FB31}
		{2397AD63-6E69-4FAB-BDD2-0B6C353C8B22} = {DFC182D3-52B5-404A-BEFB-1A2017ED8DEA}
		{FDB10B36-A693-4984-855A-0DB4E5C58C25} = {3F32850F-1030-4650-A1C1-AC19C0D1FB31}
		{E228A094-964E-4CB1-9A35-4B52C20FEEA2} = {3F32850F-1030-4650-A1C1-AC19C0D1FB31}
		{4FCAC043-E704-4AED-A371-077E50A67DA4} = {3F32850F-1030-4650-A1C1-AC19C0D1FB31}
	EndGlobalSection
	GlobalSection(ExtensibilityGlobals) = postSolution
		SolutionGuid = {E5584AC7-F119-4621-BB77-03C1055B399D}
	EndGlobalSection
EndGlobal
