
Microsoft Visual Studio Solution File, Format Version 12.00
# Visual Studio 15
VisualStudioVersion = 15.0.27703.2000
MinimumVisualStudioVersion = 10.0.40219.1
Project("{9A19103F-16F7-4668-BE54-9A1E7A4F7556}") = "KeepKey.Net", "KeepKey.Net\KeepKey.Net.csproj", "{01A2D0E3-55A8-4ADB-B2AA-AA1C80785A42}"
EndProject
Project("{9A19103F-16F7-4668-BE54-9A1E7A4F7556}") = "Trezor.Net", "..\..\Trezor.Net\src\Trezor.Net\Trezor.Net.csproj", "{3D249980-1BA9-4AD3-A4B3-9461C42E922E}"
EndProject
Project("{9A19103F-16F7-4668-BE54-9A1E7A4F7556}") = "Trezor.Net.Sample", "..\..\Trezor.Net\src\Trezor.Net.Sample\Trezor.Net.Sample.csproj", "{D4424811-2464-4035-A036-346B9D158D43}"
EndProject
Global
	GlobalSection(SolutionConfigurationPlatforms) = preSolution
		Debug|Any CPU = Debug|Any CPU
		Release|Any CPU = Release|Any CPU
	EndGlobalSection
	GlobalSection(ProjectConfigurationPlatforms) = postSolution
		{01A2D0E3-55A8-4ADB-B2AA-AA1C80785A42}.Debug|Any CPU.ActiveCfg = Debug|Any CPU
		{01A2D0E3-55A8-4ADB-B2AA-AA1C80785A42}.Debug|Any CPU.Build.0 = Debug|Any CPU
		{01A2D0E3-55A8-4ADB-B2AA-AA1C80785A42}.Release|Any CPU.ActiveCfg = Release|Any CPU
		{01A2D0E3-55A8-4ADB-B2AA-AA1C80785A42}.Release|Any CPU.Build.0 = Release|Any CPU
		{3D249980-1BA9-4AD3-A4B3-9461C42E922E}.Debug|Any CPU.ActiveCfg = Debug|Any CPU
		{3D249980-1BA9-4AD3-A4B3-9461C42E922E}.Debug|Any CPU.Build.0 = Debug|Any CPU
		{3D249980-1BA9-4AD3-A4B3-9461C42E922E}.Release|Any CPU.ActiveCfg = Release|Any CPU
		{3D249980-1BA9-4AD3-A4B3-9461C42E922E}.Release|Any CPU.Build.0 = Release|Any CPU
		{D4424811-2464-4035-A036-346B9D158D43}.Debug|Any CPU.ActiveCfg = Debug|Any CPU
		{D4424811-2464-4035-A036-346B9D158D43}.Debug|Any CPU.Build.0 = Debug|Any CPU
		{D4424811-2464-4035-A036-346B9D158D43}.Release|Any CPU.ActiveCfg = Release|Any CPU
		{D4424811-2464-4035-A036-346B9D158D43}.Release|Any CPU.Build.0 = Release|Any CPU
	EndGlobalSection
	GlobalSection(SolutionProperties) = preSolution
		HideSolutionNode = FALSE
	EndGlobalSection
	GlobalSection(ExtensibilityGlobals) = postSolution
		SolutionGuid = {E5584AC7-F119-4621-BB77-03C1055B399D}
	EndGlobalSection
EndGlobal
